
Microsoft Visual Studio Solution File, Format Version 12.00
# Visual Studio 14
VisualStudioVersion = 14.0.25420.1
MinimumVisualStudioVersion = 10.0.40219.1
Project("{FAE04EC0-301F-11D3-BF4B-00C04F79EFBC}") = "JustTimeberAPI", "JustTimeberAPI\JustTimeberAPI.csproj", "{592051AB-E850-4FE1-97C7-4A4F61633FAC}"
EndProject
Project("{FAE04EC0-301F-11D3-BF4B-00C04F79EFBC}") = "ScannerApplication", "ScannerApplication\ScannerApplication.csproj", "{37EF42F7-C5F4-43EE-911E-C62D38958A4F}"
EndProject
Project("{FAE04EC0-301F-11D3-BF4B-00C04F79EFBC}") = "ConsoleTestApplication", "ConsoleTestApplication\ConsoleTestApplication.csproj", "{61018333-81BD-4262-9386-FC150BB6FC30}"
EndProject
Global
	GlobalSection(SolutionConfigurationPlatforms) = preSolution
		Debug|Any CPU = Debug|Any CPU
		Release|Any CPU = Release|Any CPU
	EndGlobalSection
	GlobalSection(ProjectConfigurationPlatforms) = postSolution
		{592051AB-E850-4FE1-97C7-4A4F61633FAC}.Debug|Any CPU.ActiveCfg = Debug|Any CPU
		{592051AB-E850-4FE1-97C7-4A4F61633FAC}.Debug|Any CPU.Build.0 = Debug|Any CPU
		{592051AB-E850-4FE1-97C7-4A4F61633FAC}.Release|Any CPU.ActiveCfg = Release|Any CPU
		{592051AB-E850-4FE1-97C7-4A4F61633FAC}.Release|Any CPU.Build.0 = Release|Any CPU
		{37EF42F7-C5F4-43EE-911E-C62D38958A4F}.Debug|Any CPU.ActiveCfg = Debug|Any CPU
		{37EF42F7-C5F4-43EE-911E-C62D38958A4F}.Debug|Any CPU.Build.0 = Debug|Any CPU
		{37EF42F7-C5F4-43EE-911E-C62D38958A4F}.Release|Any CPU.ActiveCfg = Release|Any CPU
		{37EF42F7-C5F4-43EE-911E-C62D38958A4F}.Release|Any CPU.Build.0 = Release|Any CPU
		{61018333-81BD-4262-9386-FC150BB6FC30}.Debug|Any CPU.ActiveCfg = Debug|Any CPU
		{61018333-81BD-4262-9386-FC150BB6FC30}.Debug|Any CPU.Build.0 = Debug|Any CPU
		{61018333-81BD-4262-9386-FC150BB6FC30}.Release|Any CPU.ActiveCfg = Release|Any CPU
		{61018333-81BD-4262-9386-FC150BB6FC30}.Release|Any CPU.Build.0 = Release|Any CPU
	EndGlobalSection
	GlobalSection(SolutionProperties) = preSolution
		HideSolutionNode = FALSE
	EndGlobalSection
EndGlobal
